
Microsoft Visual Studio Solution File, Format Version 12.00
# Visual Studio Version 17
VisualStudioVersion = 17.9.34714.143
MinimumVisualStudioVersion = 10.0.40219.1
Project("{FAE04EC0-301F-11D3-BF4B-00C04F79EFBC}") = "MoviesApp", "MoviesApp.csproj", "{B1C5B838-70D5-4A75-B2EE-8F587D075CD1}"
EndProject
Global
	GlobalSection(SolutionConfigurationPlatforms) = preSolution
		Debug|Any CPU = Debug|Any CPU
		Release|Any CPU = Release|Any CPU
	EndGlobalSection
	GlobalSection(ProjectConfigurationPlatforms) = postSolution
		{B1C5B838-70D5-4A75-B2EE-8F587D075CD1}.Debug|Any CPU.ActiveCfg = Debug|Any CPU
		{B1C5B838-70D5-4A75-B2EE-8F587D075CD1}.Debug|Any CPU.Build.0 = Debug|Any CPU
		{B1C5B838-70D5-4A75-B2EE-8F587D075CD1}.Release|Any CPU.ActiveCfg = Release|Any CPU
		{B1C5B838-70D5-4A75-B2EE-8F587D075CD1}.Release|Any CPU.Build.0 = Release|Any CPU
	EndGlobalSection
	GlobalSection(SolutionProperties) = preSolution
		HideSolutionNode = FALSE
	EndGlobalSection
	GlobalSection(ExtensibilityGlobals) = postSolution
		SolutionGuid = {0456E0C9-A266-4A4D-99AD-878EB382B8DD}
	EndGlobalSection
EndGlobal
